{
  "name": "5.3",
  "lockfileVersion": 3,
  "requires": true,
  "packages": {
    "": {
      "dependencies": {
        "types-registry": "^0.1.684"
      },
      "devDependencies": {
        "@types/async": "^3.2.24",
        "@types/body-parser": "^1.19.5",
        "@types/cheerio": "^0.22.35",
        "@types/clamp": "^1.0.3",
        "@types/common-tags": "^1.8.4",
        "@types/datadog-metrics": "^0.6.4",
        "@types/domready": "^1.0.2",
        "@types/ejs": "^3.1.5",
        "@types/eslint": "^8.56.6",
        "@types/express": "^4.17.21",
        "@types/express-session": "^1.18.0",
        "@types/ffmpeg": "^1.0.7",
        "@types/figlet": "^1.5.8",
        "@types/intl": "^1.2.2",
        "@types/is-function": "^1.0.3",
        "@types/is-object": "^1.0.5",
        "@types/is-symbol": "^1.0.2",
        "@types/lodash": "^4.17.0",
        "@types/moment-duration-format": "^2.2.6",
        "@types/ms": "^0.7.34",
        "@types/node": "^20.11.30",
        "@types/node-fetch": "^2.6.11",
        "@types/node-os-utils": "^1.3.4",
        "@types/nodemon": "^1.19.6",
        "@types/one-time": "^0.0.4",
        "@types/passport": "^1.0.16",
        "@types/passport-oauth2": "^1.4.15",
        "@types/progress": "^2.0.7",
        "@types/randomstring": "^1.1.12",
        "@types/readable-stream": "^4.0.11",
        "@types/request": "^2.48.12",
        "@types/request-promise-native": "^1.0.21",
        "@types/shortid": "^0.0.32",
        "@types/snekfetch": "^4.0.8",
        "@types/stack-trace": "^0.0.33",
        "@types/superagent": "^8.1.6",
        "@types/svg2png": "^4.1.5",
        "@types/triple-beam": "^1.3.5",
        "@types/uniqid": "^5.3.4",
        "@types/uuid": "^9.0.8",
        "@types/voucher-code-generator": "^1.1.3",
        "@types/ws": "^8.5.10"
      }
    },
    "node_modules/@types/async": {
      "version": "3.2.24",
      "resolved": "https://registry.npmjs.org/@types/async/-/async-3.2.24.tgz",
      "integrity": "sha512-8iHVLHsCCOBKjCF2KwFe0p9Z3rfM9mL+sSP8btyR5vTjJRAqpBYD28/ZLgXPf0pjG1VxOvtCV/BgXkQbpSe8Hw==",
      "dev": true
    },
    "node_modules/@types/body-parser": {
      "version": "1.19.5",
      "resolved": "https://registry.npmjs.org/@types/body-parser/-/body-parser-1.19.5.tgz",
      "integrity": "sha512-fB3Zu92ucau0iQ0JMCFQE7b/dv8Ot07NI3KaZIkIUNXq82k4eBAqUaneXfleGY9JWskeS9y+u0nXMyspcuQrCg==",
      "dev": true,
      "dependencies": {
        "@types/connect": "*",
        "@types/node": "*"
      }
    },
    "node_modules/@types/caseless": {
      "version": "0.12.5",
      "resolved": "https://registry.npmjs.org/@types/caseless/-/caseless-0.12.5.tgz",
      "integrity": "sha512-hWtVTC2q7hc7xZ/RLbxapMvDMgUnDvKvMOpKal4DrMyfGBUfB1oKaZlIRr6mJL+If3bAP6sV/QneGzF6tJjZDg==",
      "dev": true
    },
    "node_modules/@types/cheerio": {
      "version": "0.22.35",
      "resolved": "https://registry.npmjs.org/@types/cheerio/-/cheerio-0.22.35.tgz",
      "integrity": "sha512-yD57BchKRvTV+JD53UZ6PD8KWY5g5rvvMLRnZR3EQBCZXiDT/HR+pKpMzFGlWNhFrXlo7VPZXtKvIEwZkAWOIA==",
      "dev": true,
      "dependencies": {
        "@types/node": "*"
      }
    },
    "node_modules/@types/clamp": {
      "version": "1.0.3",
      "resolved": "https://registry.npmjs.org/@types/clamp/-/clamp-1.0.3.tgz",
      "integrity": "sha512-xFcJ5qIQGxEjYjwSo5f6wyiPQx30CEfxMzh2PYYyoSM8Yvts54/pg7HU0g1bA5R6sklRAkVJpY1ejES/uyLOVw==",
      "dev": true
    },
    "node_modules/@types/common-tags": {
      "version": "1.8.4",
      "resolved": "https://registry.npmjs.org/@types/common-tags/-/common-tags-1.8.4.tgz",
      "integrity": "sha512-S+1hLDJPjWNDhcGxsxEbepzaxWqURP/o+3cP4aa2w7yBXgdcmKGQtZzP8JbyfOd0m+33nh+8+kvxYE2UJtBDkg==",
      "dev": true
    },
    "node_modules/@types/connect": {
      "version": "3.4.38",
      "resolved": "https://registry.npmjs.org/@types/connect/-/connect-3.4.38.tgz",
      "integrity": "sha512-K6uROf1LD88uDQqJCktA4yzL1YYAK6NgfsI0v/mTgyPKWsX1CnJ0XPSDhViejru1GcRkLWb8RlzFYJRqGUbaug==",
      "dev": true,
      "dependencies": {
        "@types/node": "*"
      }
    },
    "node_modules/@types/cookiejar": {
      "version": "2.1.5",
      "resolved": "https://registry.npmjs.org/@types/cookiejar/-/cookiejar-2.1.5.tgz",
      "integrity": "sha512-he+DHOWReW0nghN24E1WUqM0efK4kI9oTqDm6XmK8ZPe2djZ90BSNdGnIyCLzCPw7/pogPlGbzI2wHGGmi4O/Q==",
      "dev": true
    },
    "node_modules/@types/datadog-metrics": {
      "version": "0.6.4",
      "resolved": "https://registry.npmjs.org/@types/datadog-metrics/-/datadog-metrics-0.6.4.tgz",
      "integrity": "sha512-69ZT90ymphaNNotBaKOYprjb/flL6oB418wZ5knIzNPC+Oo80nO7Ecll3dN5tIn/q2ZvnkIxxBvBmiag7EdY9w==",
      "dev": true
    },
    "node_modules/@types/domready": {
      "version": "1.0.2",
      "resolved": "https://registry.npmjs.org/@types/domready/-/domready-1.0.2.tgz",
      "integrity": "sha512-OC/Cij8ZxiVnxHMiKmVd3a8YTsQOf1FbIic6g7Xbizod8zCaeUYzYDbno7zEcemgqkl7WVoUoXVcJTqTKHeaPA==",
      "dev": true
    },
    "node_modules/@types/ejs": {
      "version": "3.1.5",
      "resolved": "https://registry.npmjs.org/@types/ejs/-/ejs-3.1.5.tgz",
      "integrity": "sha512-nv+GSx77ZtXiJzwKdsASqi+YQ5Z7vwHsTP0JY2SiQgjGckkBRKZnk8nIM+7oUZ1VCtuTz0+By4qVR7fqzp/Dfg==",
      "dev": true
    },
    "node_modules/@types/eslint": {
      "version": "8.56.6",
      "resolved": "https://registry.npmjs.org/@types/eslint/-/eslint-8.56.6.tgz",
      "integrity": "sha512-ymwc+qb1XkjT/gfoQwxIeHZ6ixH23A+tCT2ADSA/DPVKzAjwYkTXBMCQ/f6fe4wEa85Lhp26VPeUxI7wMhAi7A==",
      "dev": true,
      "dependencies": {
        "@types/estree": "*",
        "@types/json-schema": "*"
      }
    },
    "node_modules/@types/estree": {
      "version": "1.0.5",
      "resolved": "https://registry.npmjs.org/@types/estree/-/estree-1.0.5.tgz",
      "integrity": "sha512-/kYRxGDLWzHOB7q+wtSUQlFrtcdUccpfy+X+9iMBpHK8QLLhx2wIPYuS5DYtR9Wa/YlZAbIovy7qVdB1Aq6Lyw==",
      "dev": true
    },
    "node_modules/@types/express": {
      "version": "4.17.21",
      "resolved": "https://registry.npmjs.org/@types/express/-/express-4.17.21.tgz",
      "integrity": "sha512-ejlPM315qwLpaQlQDTjPdsUFSc6ZsP4AN6AlWnogPjQ7CVi7PYF3YVz+CY3jE2pwYf7E/7HlDAN0rV2GxTG0HQ==",
      "dev": true,
      "dependencies": {
        "@types/body-parser": "*",
        "@types/express-serve-static-core": "^4.17.33",
        "@types/qs": "*",
        "@types/serve-static": "*"
      }
    },
    "node_modules/@types/express-serve-static-core": {
      "version": "4.17.41",
      "resolved": "https://registry.npmjs.org/@types/express-serve-static-core/-/express-serve-static-core-4.17.41.tgz",
      "integrity": "sha512-OaJ7XLaelTgrvlZD8/aa0vvvxZdUmlCn6MtWeB7TkiKW70BQLc9XEPpDLPdbo52ZhXUCrznlWdCHWxJWtdyajA==",
      "dev": true,
      "dependencies": {
        "@types/node": "*",
        "@types/qs": "*",
        "@types/range-parser": "*",
        "@types/send": "*"
      }
    },
    "node_modules/@types/express-session": {
      "version": "1.18.0",
      "resolved": "https://registry.npmjs.org/@types/express-session/-/express-session-1.18.0.tgz",
      "integrity": "sha512-27JdDRgor6PoYlURY+Y5kCakqp5ulC0kmf7y+QwaY+hv9jEFuQOThgkjyA53RP3jmKuBsH5GR6qEfFmvb8mwOA==",
      "dev": true,
      "dependencies": {
        "@types/express": "*"
      }
    },
    "node_modules/@types/ffmpeg": {
      "version": "1.0.7",
      "resolved": "https://registry.npmjs.org/@types/ffmpeg/-/ffmpeg-1.0.7.tgz",
      "integrity": "sha512-7Pw61IDG9Tj+gXGNshJ7JIM2fhDe0IrK7/F+b8midmsiljiugWKbW5KoNmhtZS3pPXWVfVHP3wOwquF/wbVxiw==",
      "dev": true
    },
    "node_modules/@types/figlet": {
      "version": "1.5.8",
      "resolved": "https://registry.npmjs.org/@types/figlet/-/figlet-1.5.8.tgz",
      "integrity": "sha512-G22AUvy4Tl95XLE7jmUM8s8mKcoz+Hr+Xm9W90gJsppJq9f9tHvOGkrpn4gRX0q/cLtBdNkWtWCKDg2UDZoZvQ==",
      "dev": true
    },
    "node_modules/@types/http-errors": {
      "version": "2.0.4",
      "resolved": "https://registry.npmjs.org/@types/http-errors/-/http-errors-2.0.4.tgz",
      "integrity": "sha512-D0CFMMtydbJAegzOyHjtiKPLlvnm3iTZyZRSZoLq2mRhDdmLfIWOCYPfQJ4cu2erKghU++QvjcUjp/5h7hESpA==",
      "dev": true
    },
    "node_modules/@types/intl": {
      "version": "1.2.2",
      "resolved": "https://registry.npmjs.org/@types/intl/-/intl-1.2.2.tgz",
      "integrity": "sha512-A4g5UEAA9c56JWKhc4LSJ9vzDMztjxVXDAXtVK4EbS3hW1V7Sz05VfcTgDQIvkOYJp1NqH222eg62P72HwltfQ==",
      "dev": true
    },
    "node_modules/@types/is-function": {
      "version": "1.0.3",
      "resolved": "https://registry.npmjs.org/@types/is-function/-/is-function-1.0.3.tgz",
      "integrity": "sha512-/CLhCW79JUeLKznI6mbVieGbl4QU5Hfn+6udw1YHZoofASjbQ5zaP5LzAUZYDpRYEjS4/P+DhEgyJ/PQmGGTWw==",
      "dev": true
    },
    "node_modules/@types/is-object": {
      "version": "1.0.5",
      "resolved": "https://registry.npmjs.org/@types/is-object/-/is-object-1.0.5.tgz",
      "integrity": "sha512-Ik3iCauN9ApkSeHHf7s0AFGrEEvLhePibD2FMbSD6tTXqlOSMraY116OJ9SyV0iyVrnrF/7XBOdvN9Ah3bUp3g==",
      "dev": true
    },
    "node_modules/@types/is-symbol": {
      "version": "1.0.2",
      "resolved": "https://registry.npmjs.org/@types/is-symbol/-/is-symbol-1.0.2.tgz",
      "integrity": "sha512-aXx0zqjVEEFIk36uSNc+RS6rWEGdovloor13ACxtE7qw6i5TDROiMmban6JfVXUH77aAfsaL7rV2xthIdNX9Fw==",
      "dev": true
    },
    "node_modules/@types/json-schema": {
      "version": "7.0.15",
      "resolved": "https://registry.npmjs.org/@types/json-schema/-/json-schema-7.0.15.tgz",
      "integrity": "sha512-5+fP8P8MFNC+AyZCDxrB2pkZFPGzqQWUzpSeuuVLvm8VMcorNYavBqoFcxK8bQz4Qsbn4oUEEem4wDLfcysGHA==",
      "dev": true
    },
    "node_modules/@types/lodash": {
      "version": "4.17.0",
      "resolved": "https://registry.npmjs.org/@types/lodash/-/lodash-4.17.0.tgz",
      "integrity": "sha512-t7dhREVv6dbNj0q17X12j7yDG4bD/DHYX7o5/DbDxobP0HnGPgpRz2Ej77aL7TZT3DSw13fqUTj8J4mMnqa7WA==",
      "dev": true
    },
    "node_modules/@types/methods": {
      "version": "1.1.4",
      "resolved": "https://registry.npmjs.org/@types/methods/-/methods-1.1.4.tgz",
      "integrity": "sha512-ymXWVrDiCxTBE3+RIrrP533E70eA+9qu7zdWoHuOmGujkYtzf4HQF96b8nwHLqhuf4ykX61IGRIB38CC6/sImQ==",
      "dev": true
    },
    "node_modules/@types/mime": {
      "version": "1.3.5",
      "resolved": "https://registry.npmjs.org/@types/mime/-/mime-1.3.5.tgz",
      "integrity": "sha512-/pyBZWSLD2n0dcHE3hq8s8ZvcETHtEuF+3E7XVt0Ig2nvsVQXdghHVcEkIWjy9A0wKfTn97a/PSDYohKIlnP/w==",
      "dev": true
    },
    "node_modules/@types/moment-duration-format": {
      "version": "2.2.6",
      "resolved": "https://registry.npmjs.org/@types/moment-duration-format/-/moment-duration-format-2.2.6.tgz",
      "integrity": "sha512-Qw+6ys3sQCatqukjoIBsL1UJq6S7ep4ixrNvDkdViSgzw2ZG3neArXNu3ww7mEG8kwP32ZDoON/esWb7OUckRQ==",
      "dev": true,
      "dependencies": {
        "moment": ">=2.14.0"
      }
    },
    "node_modules/@types/ms": {
      "version": "0.7.34",
      "resolved": "https://registry.npmjs.org/@types/ms/-/ms-0.7.34.tgz",
      "integrity": "sha512-nG96G3Wp6acyAgJqGasjODb+acrI7KltPiRxzHPXnP3NgI28bpQDRv53olbqGXbfcgF5aiiHmO3xpwEpS5Ld9g==",
      "dev": true
    },
    "node_modules/@types/node": {
      "version": "20.11.30",
      "resolved": "https://registry.npmjs.org/@types/node/-/node-20.11.30.tgz",
      "integrity": "sha512-dHM6ZxwlmuZaRmUPfv1p+KrdD1Dci04FbdEm/9wEMouFqxYoFl5aMkt0VMAUtYRQDyYvD41WJLukhq/ha3YuTw==",
      "dev": true,
      "dependencies": {
        "undici-types": "~5.26.4"
      }
    },
    "node_modules/@types/node-fetch": {
      "version": "2.6.11",
      "resolved": "https://registry.npmjs.org/@types/node-fetch/-/node-fetch-2.6.11.tgz",
      "integrity": "sha512-24xFj9R5+rfQJLRyM56qh+wnVSYhyXC2tkoBndtY0U+vubqNsYXGjufB2nn8Q6gt0LrARwL6UBtMCSVCwl4B1g==",
      "dev": true,
      "dependencies": {
        "@types/node": "*",
        "form-data": "^4.0.0"
      }
    },
    "node_modules/@types/node-os-utils": {
      "version": "1.3.4",
      "resolved": "https://registry.npmjs.org/@types/node-os-utils/-/node-os-utils-1.3.4.tgz",
      "integrity": "sha512-BCUYrbdoO4FUbx6MB9atLNFnkxdliFaxdiTJMIPPiecXIApc5zf4NIqV5G1jWv/ReZvtYyHLs40RkBjHX+vykA==",
      "dev": true
    },
    "node_modules/@types/nodemon": {
      "version": "1.19.6",
      "resolved": "https://registry.npmjs.org/@types/nodemon/-/nodemon-1.19.6.tgz",
      "integrity": "sha512-vjKuaQOLUA5EY2zkUmWG1ipXbKt9Wd+H/0SiIuHVeH4cHtt6509iRUGH9ZR0iqgUrtj3BrP9KqoTuV3ZCbQcYA==",
      "dev": true,
      "dependencies": {
        "@types/node": "*"
      }
    },
    "node_modules/@types/oauth": {
      "version": "0.9.4",
      "resolved": "https://registry.npmjs.org/@types/oauth/-/oauth-0.9.4.tgz",
      "integrity": "sha512-qk9orhti499fq5XxKCCEbd0OzdPZuancneyse3KtR+vgMiHRbh+mn8M4G6t64ob/Fg+GZGpa565MF/2dKWY32A==",
      "dev": true,
      "dependencies": {
        "@types/node": "*"
      }
    },
    "node_modules/@types/one-time": {
      "version": "0.0.4",
      "resolved": "https://registry.npmjs.org/@types/one-time/-/one-time-0.0.4.tgz",
      "integrity": "sha512-H9tJkN5eyAtXx/cq9xCATlloy9vXcfwNGSEdgP1hRsa5KHtiPEtOmuveNmo00NXtStsPZ6gc9JHZuC1u0FZ66Q==",
      "dev": true
    },
    "node_modules/@types/passport": {
      "version": "1.0.16",
      "resolved": "https://registry.npmjs.org/@types/passport/-/passport-1.0.16.tgz",
      "integrity": "sha512-FD0qD5hbPWQzaM0wHUnJ/T0BBCJBxCeemtnCwc/ThhTg3x9jfrAcRUmj5Dopza+MfFS9acTe3wk7rcVnRIp/0A==",
      "dev": true,
      "dependencies": {
        "@types/express": "*"
      }
    },
    "node_modules/@types/passport-oauth2": {
      "version": "1.4.15",
      "resolved": "https://registry.npmjs.org/@types/passport-oauth2/-/passport-oauth2-1.4.15.tgz",
      "integrity": "sha512-9cUTP/HStNSZmhxXGuRrBJfEWzIEJRub2eyJu3CvkA+8HAMc9W3aKdFhVq+Qz1hi42qn+GvSAnz3zwacDSYWpw==",
      "dev": true,
      "dependencies": {
        "@types/express": "*",
        "@types/oauth": "*",
        "@types/passport": "*"
      }
    },
    "node_modules/@types/progress": {
      "version": "2.0.7",
      "resolved": "https://registry.npmjs.org/@types/progress/-/progress-2.0.7.tgz",
      "integrity": "sha512-iadjw02vte8qWx7U0YM++EybBha2CQLPGu9iJ97whVgJUT5Zq9MjAPYUnbfRI2Kpehimf1QjFJYxD0t8nqzu5w==",
      "dev": true,
      "dependencies": {
        "@types/node": "*"
      }
    },
    "node_modules/@types/qs": {
      "version": "6.9.11",
      "resolved": "https://registry.npmjs.org/@types/qs/-/qs-6.9.11.tgz",
      "integrity": "sha512-oGk0gmhnEJK4Yyk+oI7EfXsLayXatCWPHary1MtcmbAifkobT9cM9yutG/hZKIseOU0MqbIwQ/u2nn/Gb+ltuQ==",
      "dev": true
    },
    "node_modules/@types/randomstring": {
      "version": "1.1.12",
      "resolved": "https://registry.npmjs.org/@types/randomstring/-/randomstring-1.1.12.tgz",
      "integrity": "sha512-uLAv8k5CVgTIfBsVZ7Sx3y2V7H0Jm8ofnZguqC9WrQ8HeoEgTtRZMwi4gyda3xuqBq2/9OgI2JwcZa+x48ABxA==",
      "dev": true
    },
    "node_modules/@types/range-parser": {
      "version": "1.2.7",
      "resolved": "https://registry.npmjs.org/@types/range-parser/-/range-parser-1.2.7.tgz",
      "integrity": "sha512-hKormJbkJqzQGhziax5PItDUTMAM9uE2XXQmM37dyd4hVM+5aVl7oVxMVUiVQn2oCQFN/LKCZdvSM0pFRqbSmQ==",
      "dev": true
    },
    "node_modules/@types/readable-stream": {
      "version": "4.0.11",
      "resolved": "https://registry.npmjs.org/@types/readable-stream/-/readable-stream-4.0.11.tgz",
      "integrity": "sha512-R3eUMUTTKoIoaz7UpYLxvZCrOmCRPRbAmoDDHKcimTEySltaJhF8hLzj4+EzyDifiX5eK6oDQGSfmNnXjxZzYQ==",
      "dev": true,
      "dependencies": {
        "@types/node": "*",
        "safe-buffer": "~5.1.1"
      }
    },
    "node_modules/@types/request": {
      "version": "2.48.12",
      "resolved": "https://registry.npmjs.org/@types/request/-/request-2.48.12.tgz",
      "integrity": "sha512-G3sY+NpsA9jnwm0ixhAFQSJ3Q9JkpLZpJbI3GMv0mIAT0y3mRabYeINzal5WOChIiaTEGQYlHOKgkaM9EisWHw==",
      "dev": true,
      "dependencies": {
        "@types/caseless": "*",
        "@types/node": "*",
        "@types/tough-cookie": "*",
        "form-data": "^2.5.0"
      }
    },
    "node_modules/@types/request-promise-native": {
      "version": "1.0.21",
      "resolved": "https://registry.npmjs.org/@types/request-promise-native/-/request-promise-native-1.0.21.tgz",
      "integrity": "sha512-NJ1M6iqWTEUT+qdP+OmXsRZ6tSdkoBdblHKatIWTVP1HdYpHU3IkfpLPf4MWb0+CC4Nl3TtLpYhDlhjZxytDIA==",
      "dev": true,
      "dependencies": {
        "@types/request": "*"
      }
    },
    "node_modules/@types/request/node_modules/form-data": {
      "version": "2.5.1",
      "resolved": "https://registry.npmjs.org/form-data/-/form-data-2.5.1.tgz",
      "integrity": "sha512-m21N3WOmEEURgk6B9GLOE4RuWOFf28Lhh9qGYeNlGq4VDXUlJy2th2slBNU8Gp8EzloYZOibZJ7t5ecIrFSjVA==",
      "dev": true,
      "dependencies": {
        "asynckit": "^0.4.0",
        "combined-stream": "^1.0.6",
        "mime-types": "^2.1.12"
      },
      "engines": {
        "node": ">= 0.12"
      }
    },
    "node_modules/@types/send": {
      "version": "0.17.4",
      "resolved": "https://registry.npmjs.org/@types/send/-/send-0.17.4.tgz",
      "integrity": "sha512-x2EM6TJOybec7c52BX0ZspPodMsQUd5L6PRwOunVyVUhXiBSKf3AezDL8Dgvgt5o0UfKNfuA0eMLr2wLT4AiBA==",
      "dev": true,
      "dependencies": {
        "@types/mime": "^1",
        "@types/node": "*"
      }
    },
    "node_modules/@types/serve-static": {
      "version": "1.15.5",
      "resolved": "https://registry.npmjs.org/@types/serve-static/-/serve-static-1.15.5.tgz",
      "integrity": "sha512-PDRk21MnK70hja/YF8AHfC7yIsiQHn1rcXx7ijCFBX/k+XQJhQT/gw3xekXKJvx+5SXaMMS8oqQy09Mzvz2TuQ==",
      "dev": true,
      "dependencies": {
        "@types/http-errors": "*",
        "@types/mime": "*",
        "@types/node": "*"
      }
    },
    "node_modules/@types/shortid": {
      "version": "0.0.32",
      "resolved": "https://registry.npmjs.org/@types/shortid/-/shortid-0.0.32.tgz",
      "integrity": "sha512-LwWF89yy6Ol8abraYbVedIKzMlgJCTx8zm40yx9t0ZPOJaVR0OmSO4zRRAKfyOJtCwZrEBmhueZX8OiNbQydYw==",
      "dev": true
    },
    "node_modules/@types/snekfetch": {
      "version": "4.0.8",
      "resolved": "https://registry.npmjs.org/@types/snekfetch/-/snekfetch-4.0.8.tgz",
      "integrity": "sha512-zuMDjBgsvs8djJ/k5DKF+hgRqUVo42m/CgLP3NkyLSTwwFNzeKjqkQlhjbZwV3r0rzVTokbauxvz/I+QQEXw9Q==",
      "dev": true,
      "dependencies": {
        "@types/node": "*"
      }
    },
    "node_modules/@types/stack-trace": {
      "version": "0.0.33",
      "resolved": "https://registry.npmjs.org/@types/stack-trace/-/stack-trace-0.0.33.tgz",
      "integrity": "sha512-O7in6531Bbvlb2KEsJ0dq0CHZvc3iWSR5ZYMtvGgnHA56VgriAN/AU2LorfmcvAl2xc9N5fbCTRyMRRl8nd74g==",
      "dev": true
    },
    "node_modules/@types/superagent": {
      "version": "8.1.6",
      "resolved": "https://registry.npmjs.org/@types/superagent/-/superagent-8.1.6.tgz",
      "integrity": "sha512-yzBOv+6meEHSzV2NThYYOA6RtqvPr3Hbob9ZLp3i07SH27CrYVfm8CrF7ydTmidtelsFiKx2I4gZAiAOamGgvQ==",
      "dev": true,
      "dependencies": {
        "@types/cookiejar": "^2.1.5",
        "@types/methods": "^1.1.4",
        "@types/node": "*"
      }
    },
    "node_modules/@types/svg2png": {
      "version": "4.1.5",
      "resolved": "https://registry.npmjs.org/@types/svg2png/-/svg2png-4.1.5.tgz",
      "integrity": "sha512-Dxqpt9o1aemjF50g362xIyASCbe3YRqfOeEgxG0MmzUFMaZLXtQ5jadwbSUvcu53d69ICHxpsjl6uhU+aXOBeQ==",
      "dev": true,
      "dependencies": {
        "@types/node": "*"
      }
    },
    "node_modules/@types/tough-cookie": {
      "version": "4.0.5",
      "resolved": "https://registry.npmjs.org/@types/tough-cookie/-/tough-cookie-4.0.5.tgz",
      "integrity": "sha512-/Ad8+nIOV7Rl++6f1BdKxFSMgmoqEoYbHRpPcx3JEfv8VRsQe9Z4mCXeJBzxs7mbHY/XOZZuXlRNfhpVPbs6ZA==",
      "dev": true
    },
    "node_modules/@types/triple-beam": {
      "version": "1.3.5",
      "resolved": "https://registry.npmjs.org/@types/triple-beam/-/triple-beam-1.3.5.tgz",
      "integrity": "sha512-6WaYesThRMCl19iryMYP7/x2OVgCtbIVflDGFpWnb9irXI3UjYE4AzmYuiUKY1AJstGijoY+MgUszMgRxIYTYw==",
      "dev": true
    },
    "node_modules/@types/uniqid": {
      "version": "5.3.4",
      "resolved": "https://registry.npmjs.org/@types/uniqid/-/uniqid-5.3.4.tgz",
      "integrity": "sha512-AgC+o3/8/QEHuU3w5w2jZ8auQtjSJ/s8G8RfEk9CYLogK1RGXqxhHH0wOEAu8uHXjvj8oh/dRtfgok4IHKxh/Q==",
      "dev": true
    },
    "node_modules/@types/uuid": {
      "version": "9.0.8",
      "resolved": "https://registry.npmjs.org/@types/uuid/-/uuid-9.0.8.tgz",
      "integrity": "sha512-jg+97EGIcY9AGHJJRaaPVgetKDsrTgbRjQ5Msgjh/DQKEFl0DtyRr/VCOyD1T2R1MNeWPK/u7JoGhlDZnKBAfA==",
      "dev": true
    },
    "node_modules/@types/voucher-code-generator": {
      "version": "1.1.3",
      "resolved": "https://registry.npmjs.org/@types/voucher-code-generator/-/voucher-code-generator-1.1.3.tgz",
      "integrity": "sha512-oLAE0kPfw83pXeEOQED1AVK7yOP6tDliEYJQrb2o+6xrMxAUzLYvfH+SqVtBcIdq2fz+bibdEMqhyzz68QfvZA==",
      "dev": true
    },
    "node_modules/@types/ws": {
      "version": "8.5.10",
      "resolved": "https://registry.npmjs.org/@types/ws/-/ws-8.5.10.tgz",
      "integrity": "sha512-vmQSUcfalpIq0R9q7uTo2lXs6eGIpt9wtnLdMv9LVpIjCA/+ufZRozlVoVelIYixx1ugCBKDhn89vnsEGOCx9A==",
      "dev": true,
      "dependencies": {
        "@types/node": "*"
      }
    },
    "node_modules/asynckit": {
      "version": "0.4.0",
      "resolved": "https://registry.npmjs.org/asynckit/-/asynckit-0.4.0.tgz",
      "integrity": "sha512-Oei9OH4tRh0YqU3GxhX79dM/mwVgvbZJaSNaRk+bshkj0S5cfHcgYakreBjrHwatXKbz+IoIdYLxrKim2MjW0Q==",
      "dev": true
    },
    "node_modules/combined-stream": {
      "version": "1.0.8",
      "resolved": "https://registry.npmjs.org/combined-stream/-/combined-stream-1.0.8.tgz",
      "integrity": "sha512-FQN4MRfuJeHf7cBbBMJFXhKSDq+2kAArBlmRBvcvFE5BB1HZKXtSFASDhdlz9zOYwxh8lDdnvmMOe/+5cdoEdg==",
      "dev": true,
      "dependencies": {
        "delayed-stream": "~1.0.0"
      },
      "engines": {
        "node": ">= 0.8"
      }
    },
    "node_modules/delayed-stream": {
      "version": "1.0.0",
      "resolved": "https://registry.npmjs.org/delayed-stream/-/delayed-stream-1.0.0.tgz",
      "integrity": "sha512-ZySD7Nf91aLB0RxL4KGrKHBXl7Eds1DAmEdcoVawXnLD7SDhpNgtuII2aAkg7a7QS41jxPSZ17p4VdGnMHk3MQ==",
      "dev": true,
      "engines": {
        "node": ">=0.4.0"
      }
    },
    "node_modules/form-data": {
      "version": "4.0.0",
      "resolved": "https://registry.npmjs.org/form-data/-/form-data-4.0.0.tgz",
      "integrity": "sha512-ETEklSGi5t0QMZuiXoA/Q6vcnxcLQP5vdugSpuAyi6SVGi2clPPp+xgEhuMaHC+zGgn31Kd235W35f7Hykkaww==",
      "dev": true,
      "dependencies": {
        "asynckit": "^0.4.0",
        "combined-stream": "^1.0.8",
        "mime-types": "^2.1.12"
      },
      "engines": {
        "node": ">= 6"
      }
    },
    "node_modules/mime-db": {
      "version": "1.52.0",
      "resolved": "https://registry.npmjs.org/mime-db/-/mime-db-1.52.0.tgz",
      "integrity": "sha512-sPU4uV7dYlvtWJxwwxHD0PuihVNiE7TyAbQ5SWxDCB9mUYvOgroQOwYQQOKPJ8CIbE+1ETVlOoK1UC2nU3gYvg==",
      "dev": true,
      "engines": {
        "node": ">= 0.6"
      }
    },
    "node_modules/mime-types": {
      "version": "2.1.35",
      "resolved": "https://registry.npmjs.org/mime-types/-/mime-types-2.1.35.tgz",
      "integrity": "sha512-ZDY+bPm5zTTF+YpCrAU9nK0UgICYPT0QtT1NZWFv4s++TNkcgVaT0g6+4R2uI4MjQjzysHB1zxuWL50hzaeXiw==",
      "dev": true,
      "dependencies": {
        "mime-db": "1.52.0"
      },
      "engines": {
        "node": ">= 0.6"
      }
    },
    "node_modules/moment": {
      "version": "2.30.1",
      "resolved": "https://registry.npmjs.org/moment/-/moment-2.30.1.tgz",
      "integrity": "sha512-uEmtNhbDOrWPFS+hdjFCBfy9f2YoyzRpwcl+DqpC6taX21FzsTLQVbMV/W7PzNSX6x/bhC1zA3c2UQ5NzH6how==",
      "dev": true,
      "engines": {
        "node": "*"
      }
    },
    "node_modules/safe-buffer": {
      "version": "5.1.2",
      "resolved": "https://registry.npmjs.org/safe-buffer/-/safe-buffer-5.1.2.tgz",
      "integrity": "sha512-Gd2UZBJDkXlY7GbJxfsE8/nvKkUEU1G38c1siN6QP6a9PT9MmHB8GnpscSmMJSoF8LOIrt8ud/wPtojys4G6+g==",
      "dev": true
    },
    "node_modules/types-registry": {
      "version": "0.1.684",
      "resolved": "https://registry.npmjs.org/types-registry/-/types-registry-0.1.684.tgz",
      "integrity": "sha512-B6v+g9M+7IJSc1w2THOmTuRKvd/ACxZTGXM18E8MzpHWx1mGUvGGT+RXsSnxNpyqtbjWLeXj8uyyu/MxVOS3xw=="
    },
    "node_modules/undici-types": {
      "version": "5.26.5",
      "resolved": "https://registry.npmjs.org/undici-types/-/undici-types-5.26.5.tgz",
      "integrity": "sha512-JlCMO+ehdEIKqlFxk6IfVoAUVmgz7cU7zD/h9XZ0qzeosSHmUJVOzSQvvYSYWXkFXC+IfLKSIffhv0sVZup6pA==",
      "dev": true
    }
  }
}
